
Microsoft Visual Studio Solution File, Format Version 12.00
# Visual Studio Version 17
VisualStudioVersion = 17.0.32126.317
MinimumVisualStudioVersion = 10.0.40219.1
Project("{9A19103F-16F7-4668-BE54-9A1E7A4F7556}") = "LOGIN", "LOGIN\LOGIN.csproj", "{132CCFDD-FDF2-4508-A6BF-C198A15F773C}"
EndProject
Project("{9A19103F-16F7-4668-BE54-9A1E7A4F7556}") = "DAL", "DAL\DAL.csproj", "{F5CE4CF5-84BC-48CC-AE27-0AB75E5696B2}"
EndProject
Project("{9A19103F-16F7-4668-BE54-9A1E7A4F7556}") = "LOGIC", "LOGIC\LOGIC.csproj", "{B7ABBDD3-4BA8-4739-ADFC-22A4DB56F4CE}"
EndProject
Project("{9A19103F-16F7-4668-BE54-9A1E7A4F7556}") = "MAIN_INTERFACE", "MAIN_INTERFACE\MAIN_INTERFACE.csproj", "{24A5BEAC-D53A-424C-A544-B57E308D98A1}"
EndProject
Project("{9A19103F-16F7-4668-BE54-9A1E7A4F7556}") = "WELCOME", "WELCOME\WELCOME.csproj", "{E3A589D1-6A02-46AD-B684-329F946E28CC}"
EndProject
Project("{FAE04EC0-301F-11D3-BF4B-00C04F79EFBC}") = "REGISTER", "REGISTER\REGISTER.csproj", "{71C930B3-FCE1-42F6-9C1D-4494C6612FE2}"
EndProject
Project("{FAE04EC0-301F-11D3-BF4B-00C04F79EFBC}") = "LOGINSETTINGS", "LOGINSETTINGS\LOGINSETTINGS.csproj", "{39CEBC19-8658-47C2-AA1D-AACA4FE25BA6}"
EndProject
Global
	GlobalSection(SolutionConfigurationPlatforms) = preSolution
		Debug|Any CPU = Debug|Any CPU
		Release|Any CPU = Release|Any CPU
	EndGlobalSection
	GlobalSection(ProjectConfigurationPlatforms) = postSolution
		{132CCFDD-FDF2-4508-A6BF-C198A15F773C}.Debug|Any CPU.ActiveCfg = Debug|Any CPU
		{132CCFDD-FDF2-4508-A6BF-C198A15F773C}.Debug|Any CPU.Build.0 = Debug|Any CPU
		{132CCFDD-FDF2-4508-A6BF-C198A15F773C}.Release|Any CPU.ActiveCfg = Release|Any CPU
		{132CCFDD-FDF2-4508-A6BF-C198A15F773C}.Release|Any CPU.Build.0 = Release|Any CPU
		{F5CE4CF5-84BC-48CC-AE27-0AB75E5696B2}.Debug|Any CPU.ActiveCfg = Debug|Any CPU
		{F5CE4CF5-84BC-48CC-AE27-0AB75E5696B2}.Debug|Any CPU.Build.0 = Debug|Any CPU
		{F5CE4CF5-84BC-48CC-AE27-0AB75E5696B2}.Release|Any CPU.ActiveCfg = Release|Any CPU
		{F5CE4CF5-84BC-48CC-AE27-0AB75E5696B2}.Release|Any CPU.Build.0 = Release|Any CPU
		{B7ABBDD3-4BA8-4739-ADFC-22A4DB56F4CE}.Debug|Any CPU.ActiveCfg = Debug|Any CPU
		{B7ABBDD3-4BA8-4739-ADFC-22A4DB56F4CE}.Debug|Any CPU.Build.0 = Debug|Any CPU
		{B7ABBDD3-4BA8-4739-ADFC-22A4DB56F4CE}.Release|Any CPU.ActiveCfg = Release|Any CPU
		{B7ABBDD3-4BA8-4739-ADFC-22A4DB56F4CE}.Release|Any CPU.Build.0 = Release|Any CPU
		{24A5BEAC-D53A-424C-A544-B57E308D98A1}.Debug|Any CPU.ActiveCfg = Debug|Any CPU
		{24A5BEAC-D53A-424C-A544-B57E308D98A1}.Debug|Any CPU.Build.0 = Debug|Any CPU
		{24A5BEAC-D53A-424C-A544-B57E308D98A1}.Release|Any CPU.ActiveCfg = Release|Any CPU
		{24A5BEAC-D53A-424C-A544-B57E308D98A1}.Release|Any CPU.Build.0 = Release|Any CPU
		{E3A589D1-6A02-46AD-B684-329F946E28CC}.Debug|Any CPU.ActiveCfg = Debug|Any CPU
		{E3A589D1-6A02-46AD-B684-329F946E28CC}.Debug|Any CPU.Build.0 = Debug|Any CPU
		{E3A589D1-6A02-46AD-B684-329F946E28CC}.Release|Any CPU.ActiveCfg = Release|Any CPU
		{E3A589D1-6A02-46AD-B684-329F946E28CC}.Release|Any CPU.Build.0 = Release|Any CPU
		{71C930B3-FCE1-42F6-9C1D-4494C6612FE2}.Debug|Any CPU.ActiveCfg = Debug|Any CPU
		{71C930B3-FCE1-42F6-9C1D-4494C6612FE2}.Debug|Any CPU.Build.0 = Debug|Any CPU
		{71C930B3-FCE1-42F6-9C1D-4494C6612FE2}.Release|Any CPU.ActiveCfg = Release|Any CPU
		{71C930B3-FCE1-42F6-9C1D-4494C6612FE2}.Release|Any CPU.Build.0 = Release|Any CPU
		{39CEBC19-8658-47C2-AA1D-AACA4FE25BA6}.Debug|Any CPU.ActiveCfg = Debug|Any CPU
		{39CEBC19-8658-47C2-AA1D-AACA4FE25BA6}.Debug|Any CPU.Build.0 = Debug|Any CPU
		{39CEBC19-8658-47C2-AA1D-AACA4FE25BA6}.Release|Any CPU.ActiveCfg = Release|Any CPU
		{39CEBC19-8658-47C2-AA1D-AACA4FE25BA6}.Release|Any CPU.Build.0 = Release|Any CPU
	EndGlobalSection
	GlobalSection(SolutionProperties) = preSolution
		HideSolutionNode = FALSE
	EndGlobalSection
	GlobalSection(ExtensibilityGlobals) = postSolution
		SolutionGuid = {9D010964-D417-4396-9FB8-95CB5B7336BB}
	EndGlobalSection
EndGlobal
